
Microsoft Visual Studio Solution File, Format Version 12.00
# Visual Studio 15
VisualStudioVersion = 15.0.27004.2006
MinimumVisualStudioVersion = 10.0.40219.1
Project("{9A19103F-16F7-4668-BE54-9A1E7A4F7556}") = "WebApp", "WebApp\WebApp.csproj", "{E1496377-3F97-4C7A-80EE-03563F17F2C2}"
EndProject
Project("{FAE04EC0-301F-11D3-BF4B-00C04F79EFBC}") = "DataGatheringModule", "DataGatheringModule\DataGatheringModule.csproj", "{EC4B7F60-C8D6-40EC-BA33-BAFAD590D8F1}"
EndProject
Project("{FAE04EC0-301F-11D3-BF4B-00C04F79EFBC}") = "DataStoringModule", "DataStoringModule\DataStoringModule.csproj", "{AB063885-10DE-4F9C-8E2C-91F947597198}"
EndProject
Project("{FAE04EC0-301F-11D3-BF4B-00C04F79EFBC}") = "Models", "Models\Models.csproj", "{E85FA1BA-9861-47A8-9179-3E515EC5E4D9}"
EndProject
Global
	GlobalSection(SolutionConfigurationPlatforms) = preSolution
		Debug|Any CPU = Debug|Any CPU
		Release|Any CPU = Release|Any CPU
	EndGlobalSection
	GlobalSection(ProjectConfigurationPlatforms) = postSolution
		{E1496377-3F97-4C7A-80EE-03563F17F2C2}.Debug|Any CPU.ActiveCfg = Debug|Any CPU
		{E1496377-3F97-4C7A-80EE-03563F17F2C2}.Debug|Any CPU.Build.0 = Debug|Any CPU
		{E1496377-3F97-4C7A-80EE-03563F17F2C2}.Release|Any CPU.ActiveCfg = Release|Any CPU
		{E1496377-3F97-4C7A-80EE-03563F17F2C2}.Release|Any CPU.Build.0 = Release|Any CPU
		{EC4B7F60-C8D6-40EC-BA33-BAFAD590D8F1}.Debug|Any CPU.ActiveCfg = Debug|Any CPU
		{EC4B7F60-C8D6-40EC-BA33-BAFAD590D8F1}.Debug|Any CPU.Build.0 = Debug|Any CPU
		{EC4B7F60-C8D6-40EC-BA33-BAFAD590D8F1}.Release|Any CPU.ActiveCfg = Release|Any CPU
		{EC4B7F60-C8D6-40EC-BA33-BAFAD590D8F1}.Release|Any CPU.Build.0 = Release|Any CPU
		{AB063885-10DE-4F9C-8E2C-91F947597198}.Debug|Any CPU.ActiveCfg = Debug|Any CPU
		{AB063885-10DE-4F9C-8E2C-91F947597198}.Debug|Any CPU.Build.0 = Debug|Any CPU
		{AB063885-10DE-4F9C-8E2C-91F947597198}.Release|Any CPU.ActiveCfg = Release|Any CPU
		{AB063885-10DE-4F9C-8E2C-91F947597198}.Release|Any CPU.Build.0 = Release|Any CPU
		{E85FA1BA-9861-47A8-9179-3E515EC5E4D9}.Debug|Any CPU.ActiveCfg = Debug|Any CPU
		{E85FA1BA-9861-47A8-9179-3E515EC5E4D9}.Debug|Any CPU.Build.0 = Debug|Any CPU
		{E85FA1BA-9861-47A8-9179-3E515EC5E4D9}.Release|Any CPU.ActiveCfg = Release|Any CPU
		{E85FA1BA-9861-47A8-9179-3E515EC5E4D9}.Release|Any CPU.Build.0 = Release|Any CPU
	EndGlobalSection
	GlobalSection(SolutionProperties) = preSolution
		HideSolutionNode = FALSE
	EndGlobalSection
	GlobalSection(ExtensibilityGlobals) = postSolution
		SolutionGuid = {D95CB24E-66F0-48FC-8CCC-C41B39BADBBA}
	EndGlobalSection
EndGlobal
